
Microsoft Visual Studio Solution File, Format Version 12.00
# Visual Studio 15
VisualStudioVersion = 15.0.26124.0
MinimumVisualStudioVersion = 15.0.26124.0
Project("{FAE04EC0-301F-11D3-BF4B-00C04F79EFBC}") = "PizzaBox.Client", "PizzaBox.Client\PizzaBox.Client.csproj", "{DCB026DD-D8A2-4390-B51F-E36CEA36CE69}"
EndProject
Project("{FAE04EC0-301F-11D3-BF4B-00C04F79EFBC}") = "PizzaBox.Domain", "PizzaBox.Domain\PizzaBox.Domain.csproj", "{D4490719-7BAD-4CAA-828C-852AA3D24244}"
EndProject
Project("{FAE04EC0-301F-11D3-BF4B-00C04F79EFBC}") = "PizzaBox.Storing", "PizzaBox.Storing\PizzaBox.Storing.csproj", "{B2CCE269-AF73-430B-AD4B-B9C048DB189C}"
EndProject
Project("{FAE04EC0-301F-11D3-BF4B-00C04F79EFBC}") = "PizzaBox.Testing", "PizzaBox.Testing\PizzaBox.Testing.csproj", "{30C902B9-0CA3-4E08-86D9-841537E3E5F7}"
EndProject
Global
	GlobalSection(SolutionConfigurationPlatforms) = preSolution
		Debug|Any CPU = Debug|Any CPU
		Debug|x64 = Debug|x64
		Debug|x86 = Debug|x86
		Release|Any CPU = Release|Any CPU
		Release|x64 = Release|x64
		Release|x86 = Release|x86
	EndGlobalSection
	GlobalSection(SolutionProperties) = preSolution
		HideSolutionNode = FALSE
	EndGlobalSection
	GlobalSection(ProjectConfigurationPlatforms) = postSolution
		{DCB026DD-D8A2-4390-B51F-E36CEA36CE69}.Debug|Any CPU.ActiveCfg = Debug|Any CPU
		{DCB026DD-D8A2-4390-B51F-E36CEA36CE69}.Debug|Any CPU.Build.0 = Debug|Any CPU
		{DCB026DD-D8A2-4390-B51F-E36CEA36CE69}.Debug|x64.ActiveCfg = Debug|Any CPU
		{DCB026DD-D8A2-4390-B51F-E36CEA36CE69}.Debug|x64.Build.0 = Debug|Any CPU
		{DCB026DD-D8A2-4390-B51F-E36CEA36CE69}.Debug|x86.ActiveCfg = Debug|Any CPU
		{DCB026DD-D8A2-4390-B51F-E36CEA36CE69}.Debug|x86.Build.0 = Debug|Any CPU
		{DCB026DD-D8A2-4390-B51F-E36CEA36CE69}.Release|Any CPU.ActiveCfg = Release|Any CPU
		{DCB026DD-D8A2-4390-B51F-E36CEA36CE69}.Release|Any CPU.Build.0 = Release|Any CPU
		{DCB026DD-D8A2-4390-B51F-E36CEA36CE69}.Release|x64.ActiveCfg = Release|Any CPU
		{DCB026DD-D8A2-4390-B51F-E36CEA36CE69}.Release|x64.Build.0 = Release|Any CPU
		{DCB026DD-D8A2-4390-B51F-E36CEA36CE69}.Release|x86.ActiveCfg = Release|Any CPU
		{DCB026DD-D8A2-4390-B51F-E36CEA36CE69}.Release|x86.Build.0 = Release|Any CPU
		{D4490719-7BAD-4CAA-828C-852AA3D24244}.Debug|Any CPU.ActiveCfg = Debug|Any CPU
		{D4490719-7BAD-4CAA-828C-852AA3D24244}.Debug|Any CPU.Build.0 = Debug|Any CPU
		{D4490719-7BAD-4CAA-828C-852AA3D24244}.Debug|x64.ActiveCfg = Debug|Any CPU
		{D4490719-7BAD-4CAA-828C-852AA3D24244}.Debug|x64.Build.0 = Debug|Any CPU
		{D4490719-7BAD-4CAA-828C-852AA3D24244}.Debug|x86.ActiveCfg = Debug|Any CPU
		{D4490719-7BAD-4CAA-828C-852AA3D24244}.Debug|x86.Build.0 = Debug|Any CPU
		{D4490719-7BAD-4CAA-828C-852AA3D24244}.Release|Any CPU.ActiveCfg = Release|Any CPU
		{D4490719-7BAD-4CAA-828C-852AA3D24244}.Release|Any CPU.Build.0 = Release|Any CPU
		{D4490719-7BAD-4CAA-828C-852AA3D24244}.Release|x64.ActiveCfg = Release|Any CPU
		{D4490719-7BAD-4CAA-828C-852AA3D24244}.Release|x64.Build.0 = Release|Any CPU
		{D4490719-7BAD-4CAA-828C-852AA3D24244}.Release|x86.ActiveCfg = Release|Any CPU
		{D4490719-7BAD-4CAA-828C-852AA3D24244}.Release|x86.Build.0 = Release|Any CPU
		{B2CCE269-AF73-430B-AD4B-B9C048DB189C}.Debug|Any CPU.ActiveCfg = Debug|Any CPU
		{B2CCE269-AF73-430B-AD4B-B9C048DB189C}.Debug|Any CPU.Build.0 = Debug|Any CPU
		{B2CCE269-AF73-430B-AD4B-B9C048DB189C}.Debug|x64.ActiveCfg = Debug|Any CPU
		{B2CCE269-AF73-430B-AD4B-B9C048DB189C}.Debug|x64.Build.0 = Debug|Any CPU
		{B2CCE269-AF73-430B-AD4B-B9C048DB189C}.Debug|x86.ActiveCfg = Debug|Any CPU
		{B2CCE269-AF73-430B-AD4B-B9C048DB189C}.Debug|x86.Build.0 = Debug|Any CPU
		{B2CCE269-AF73-430B-AD4B-B9C048DB189C}.Release|Any CPU.ActiveCfg = Release|Any CPU
		{B2CCE269-AF73-430B-AD4B-B9C048DB189C}.Release|Any CPU.Build.0 = Release|Any CPU
		{B2CCE269-AF73-430B-AD4B-B9C048DB189C}.Release|x64.ActiveCfg = Release|Any CPU
		{B2CCE269-AF73-430B-AD4B-B9C048DB189C}.Release|x64.Build.0 = Release|Any CPU
		{B2CCE269-AF73-430B-AD4B-B9C048DB189C}.Release|x86.ActiveCfg = Release|Any CPU
		{B2CCE269-AF73-430B-AD4B-B9C048DB189C}.Release|x86.Build.0 = Release|Any CPU
		{30C902B9-0CA3-4E08-86D9-841537E3E5F7}.Debug|Any CPU.ActiveCfg = Debug|Any CPU
		{30C902B9-0CA3-4E08-86D9-841537E3E5F7}.Debug|Any CPU.Build.0 = Debug|Any CPU
		{30C902B9-0CA3-4E08-86D9-841537E3E5F7}.Debug|x64.ActiveCfg = Debug|Any CPU
		{30C902B9-0CA3-4E08-86D9-841537E3E5F7}.Debug|x64.Build.0 = Debug|Any CPU
		{30C902B9-0CA3-4E08-86D9-841537E3E5F7}.Debug|x86.ActiveCfg = Debug|Any CPU
		{30C902B9-0CA3-4E08-86D9-841537E3E5F7}.Debug|x86.Build.0 = Debug|Any CPU
		{30C902B9-0CA3-4E08-86D9-841537E3E5F7}.Release|Any CPU.ActiveCfg = Release|Any CPU
		{30C902B9-0CA3-4E08-86D9-841537E3E5F7}.Release|Any CPU.Build.0 = Release|Any CPU
		{30C902B9-0CA3-4E08-86D9-841537E3E5F7}.Release|x64.ActiveCfg = Release|Any CPU
		{30C902B9-0CA3-4E08-86D9-841537E3E5F7}.Release|x64.Build.0 = Release|Any CPU
		{30C902B9-0CA3-4E08-86D9-841537E3E5F7}.Release|x86.ActiveCfg = Release|Any CPU
		{30C902B9-0CA3-4E08-86D9-841537E3E5F7}.Release|x86.Build.0 = Release|Any CPU
	EndGlobalSection
EndGlobal
